
Microsoft Visual Studio Solution File, Format Version 12.00
# Visual Studio Version 16
VisualStudioVersion = 16.0.33927.289
MinimumVisualStudioVersion = 10.0.40219.1
Project("{2150E333-8FDC-42A3-9474-1A3956D46DE8}") = "Task0", "Task0", "{81332CDD-E42B-4BEA-BBC1-764B2CE30019}"
EndProject
Project("{FAE04EC0-301F-11D3-BF4B-00C04F79EFBC}") = "Tyuiu.KupriyanovEA.Sprint6.Task0.V5.Lib", "Tyuiu.KupriyanovEA.Sprint6.Task0.V5.Lib\Tyuiu.KupriyanovEA.Sprint6.Task0.V5.Lib.csproj", "{CE10119A-7AF9-4176-A2BE-A0233965C33B}"
EndProject
Project("{FAE04EC0-301F-11D3-BF4B-00C04F79EFBC}") = "Tyuiu.KupriyanovEA.Sprint6.Task0.V5.Test", "Tyuiu.KupriyanovEA.Sprint6.Task0.V5.Test\Tyuiu.KupriyanovEA.Sprint6.Task0.V5.Test.csproj", "{ED246E7F-0293-48BD-9BF7-65B82723031D}"
EndProject
Project("{FAE04EC0-301F-11D3-BF4B-00C04F79EFBC}") = "Tyuiu.KupriyanovEA.Sprint6.Task0.V5", "Tyuiu.KupriyanovEA.Sprint6.Task0.V5\Tyuiu.KupriyanovEA.Sprint6.Task0.V5.csproj", "{449C771D-61F2-4786-BA22-D58AD9B498F3}"
EndProject
Project("{2150E333-8FDC-42A3-9474-1A3956D46DE8}") = "Task1", "Task1", "{282C011A-CDB0-4408-A2DC-40FDBB1B5FA0}"
EndProject
Project("{FAE04EC0-301F-11D3-BF4B-00C04F79EFBC}") = "Tyuiu.KupriyanovEA.Sprint6.Task1.V23.Lib", "Tyuiu.KupriyanovEA.Sprint6.Task1.V23.Lib\Tyuiu.KupriyanovEA.Sprint6.Task1.V23.Lib.csproj", "{E6FF12FC-1368-4B1F-9216-8D4339E8361F}"
EndProject
Project("{FAE04EC0-301F-11D3-BF4B-00C04F79EFBC}") = "Tyuiu.KupriyanovEA.Sprint6.Task1.V23.Test", "Tyuiu.KupriyanovEA.Sprint6.Task1.V23.Test\Tyuiu.KupriyanovEA.Sprint6.Task1.V23.Test.csproj", "{E8BF43CE-5F91-45BD-87BD-06B581377DBF}"
EndProject
Project("{FAE04EC0-301F-11D3-BF4B-00C04F79EFBC}") = "Tyuiu.KupriyanovEA.Sprint6.Task1.V23", "Tyuiu.KupriyanovEA.Sprint6.Task1.V23\Tyuiu.KupriyanovEA.Sprint6.Task1.V23.csproj", "{B405A24E-F07F-4996-B890-2A5ACDBA161F}"
EndProject
Project("{2150E333-8FDC-42A3-9474-1A3956D46DE8}") = "Task2", "Task2", "{38015488-8C14-427B-8E8C-EC38401841AC}"
EndProject
Project("{FAE04EC0-301F-11D3-BF4B-00C04F79EFBC}") = "Tyuiu.KupriyanovEA.Sprint6.Task2.V12.Lib", "Tyuiu.KupriyanovEA.Sprint6.Task2.V12.Lib\Tyuiu.KupriyanovEA.Sprint6.Task2.V12.Lib.csproj", "{52DDF4FE-FB2E-432B-8895-457110609A48}"
EndProject
Project("{FAE04EC0-301F-11D3-BF4B-00C04F79EFBC}") = "Tyuiu.KupriyanovEA.Sprint6.Task2.V12.Test", "Tyuiu.KupriyanovEA.Sprint6.Task2.V12.Test\Tyuiu.KupriyanovEA.Sprint6.Task2.V12.Test.csproj", "{CF6423F6-5960-40A5-AD2F-F37DE1CA4C93}"
EndProject
Project("{FAE04EC0-301F-11D3-BF4B-00C04F79EFBC}") = "Tyuiu.KupriyanovEA.Sprint6.Task2.V12", "Tyuiu.KupriyanovEA.Sprint6.Task2.V12\Tyuiu.KupriyanovEA.Sprint6.Task2.V12.csproj", "{9C8F9237-9554-4DE0-8A34-8BAB7D90EB2A}"
EndProject
Project("{2150E333-8FDC-42A3-9474-1A3956D46DE8}") = "Task3", "Task3", "{45487026-5355-43BB-883F-B75CA87406DD}"
EndProject
Project("{FAE04EC0-301F-11D3-BF4B-00C04F79EFBC}") = "Tyuiu.KupriyanovEA.Sprint6.Task3.V10.Lib", "Tyuiu.KupriyanovEA.Sprint6.Task3.V10.Lib\Tyuiu.KupriyanovEA.Sprint6.Task3.V10.Lib.csproj", "{0DBD8581-E7F4-4027-AE90-D2516FF708D9}"
EndProject
Project("{FAE04EC0-301F-11D3-BF4B-00C04F79EFBC}") = "Tyuiu.KupriyanovEA.Sprint6.Task3.V10.Test", "Tyuiu.KupriyanovEA.Sprint6.Task3.V10.Test\Tyuiu.KupriyanovEA.Sprint6.Task3.V10.Test.csproj", "{9179F0BA-E810-4B4E-BAB7-6DE9D708CACB}"
EndProject
Project("{FAE04EC0-301F-11D3-BF4B-00C04F79EFBC}") = "Tyuiu.KupriyanovEA.Sprint6.Task3.V10", "Tyuiu.KupriyanovEA.Sprint6.Task3.V10\Tyuiu.KupriyanovEA.Sprint6.Task3.V10.csproj", "{730BF672-E907-47C6-BCF7-3F63FCE283C4}"
EndProject
Project("{2150E333-8FDC-42A3-9474-1A3956D46DE8}") = "Task4", "Task4", "{D6137619-C764-46E6-9206-AA1BFC7B518A}"
EndProject
Project("{FAE04EC0-301F-11D3-BF4B-00C04F79EFBC}") = "Tyuiu.KupriyanovEA.Sprint6.Task4.V16.Lib", "Tyuiu.KupriyanovEA.Sprint6.Task4.V16.Lib\Tyuiu.KupriyanovEA.Sprint6.Task4.V16.Lib.csproj", "{3B8226AC-50DC-4CF9-816C-9DA786977CF9}"
EndProject
Project("{FAE04EC0-301F-11D3-BF4B-00C04F79EFBC}") = "Tyuiu.KupriyanovEA.Sprint6.Task4.V16.Test", "Tyuiu.KupriyanovEA.Sprint6.Task4.V16.Test\Tyuiu.KupriyanovEA.Sprint6.Task4.V16.Test.csproj", "{B027EBF9-32E4-48AC-B61F-331719243AC3}"
EndProject
Project("{FAE04EC0-301F-11D3-BF4B-00C04F79EFBC}") = "Tyuiu.KupriyanovEA.Sprint6.Task4.V16", "Tyuiu.KupriyanovEA.Sprint6.Task4.V16\Tyuiu.KupriyanovEA.Sprint6.Task4.V16.csproj", "{3267CB94-5648-428E-92F7-5D6A4EE46418}"
EndProject
Project("{2150E333-8FDC-42A3-9474-1A3956D46DE8}") = "Task5", "Task5", "{843EB372-1982-4936-B711-B134C5E683F8}"
EndProject
Project("{FAE04EC0-301F-11D3-BF4B-00C04F79EFBC}") = "Tyuiu.KupriyanovEA.Sprint6.Task5.V10.Lib", "Tyuiu.KupriyanovEA.Sprint6.Task5.V10.Lib\Tyuiu.KupriyanovEA.Sprint6.Task5.V10.Lib.csproj", "{3F88B9FF-0973-48F3-9730-201BA2851189}"
EndProject
Project("{FAE04EC0-301F-11D3-BF4B-00C04F79EFBC}") = "Tyuiu.KupriyanovEA.Sprint6.Task5.V10.Test", "Tyuiu.KupriyanovEA.Sprint6.Task5.V10.Test\Tyuiu.KupriyanovEA.Sprint6.Task5.V10.Test.csproj", "{A7CEF272-5CFF-4C8F-9900-E755CD328382}"
EndProject
Project("{FAE04EC0-301F-11D3-BF4B-00C04F79EFBC}") = "Tyuiu.KupriyanovEA.Sprint6.Task5.V10", "Tyuiu.KupriyanovEA.Sprint6.Task5.V10\Tyuiu.KupriyanovEA.Sprint6.Task5.V10.csproj", "{43AF4726-F1AC-4BCC-9862-6669569E1426}"
EndProject
Project("{2150E333-8FDC-42A3-9474-1A3956D46DE8}") = "Task6", "Task6", "{B13894A4-EA9B-4FE2-94F6-983B0FAA6D96}"
EndProject
Project("{FAE04EC0-301F-11D3-BF4B-00C04F79EFBC}") = "Tyuiu.KupriyanovEA.Sprint6.Task6.V19.Lib", "Tyuiu.KupriyanovEA.Sprint6.Task6.V19.Lib\Tyuiu.KupriyanovEA.Sprint6.Task6.V19.Lib.csproj", "{3C3EE115-AE98-44BA-9E8A-DE3506DC4521}"
EndProject
Project("{FAE04EC0-301F-11D3-BF4B-00C04F79EFBC}") = "Tyuiu.KupriyanovEA.Sprint6.Task6.V19.Test", "Tyuiu.KupriyanovEA.Sprint6.Task6.V19.Test\Tyuiu.KupriyanovEA.Sprint6.Task6.V19.Test.csproj", "{4C5DAD35-B7F1-4A8B-9D42-D8A4A2A6B8E4}"
EndProject
Project("{FAE04EC0-301F-11D3-BF4B-00C04F79EFBC}") = "Tyuiu.KupriyanovEA.Sprint6.Task6.V19", "Tyuiu.KupriyanovEA.Sprint6.Task6.V19\Tyuiu.KupriyanovEA.Sprint6.Task6.V19.csproj", "{BA8BE841-30E0-4979-A420-6FFD408FFE23}"
EndProject
Project("{2150E333-8FDC-42A3-9474-1A3956D46DE8}") = "Task7", "Task7", "{8561E89B-98C3-47FF-95A6-361DD0BA82CB}"
EndProject
Project("{FAE04EC0-301F-11D3-BF4B-00C04F79EFBC}") = "Tyuiu.KupriyanovEA.Sprint6.Task7.V4.Lib", "Tyuiu.KupriyanovEA.Sprint6.Task7.V4.Lib\Tyuiu.KupriyanovEA.Sprint6.Task7.V4.Lib.csproj", "{03FA3B25-1AD4-4A18-807F-4C5E8FC5F964}"
EndProject
Project("{FAE04EC0-301F-11D3-BF4B-00C04F79EFBC}") = "Tyuiu.KupriyanovEA.Sprint6.Task7.V4.Test", "Tyuiu.KupriyanovEA.Sprint6.Task7.V4.Test\Tyuiu.KupriyanovEA.Sprint6.Task7.V4.Test.csproj", "{6EC39B56-7904-46BB-B8A1-B4885CCE0333}"
EndProject
Project("{FAE04EC0-301F-11D3-BF4B-00C04F79EFBC}") = "Tyuiu.KupriyanovEA.Sprint6.Task7.V4", "Tyuiu.KupriyanovEA.Sprint6.Task7.V4\Tyuiu.KupriyanovEA.Sprint6.Task7.V4.csproj", "{873FD14C-F8E7-4F21-9AA1-211DD20745D7}"
EndProject
Global
	GlobalSection(SolutionConfigurationPlatforms) = preSolution
		Debug|Any CPU = Debug|Any CPU
		Release|Any CPU = Release|Any CPU
	EndGlobalSection
	GlobalSection(ProjectConfigurationPlatforms) = postSolution
		{CE10119A-7AF9-4176-A2BE-A0233965C33B}.Debug|Any CPU.ActiveCfg = Debug|Any CPU
		{CE10119A-7AF9-4176-A2BE-A0233965C33B}.Debug|Any CPU.Build.0 = Debug|Any CPU
		{CE10119A-7AF9-4176-A2BE-A0233965C33B}.Release|Any CPU.ActiveCfg = Release|Any CPU
		{CE10119A-7AF9-4176-A2BE-A0233965C33B}.Release|Any CPU.Build.0 = Release|Any CPU
		{ED246E7F-0293-48BD-9BF7-65B82723031D}.Debug|Any CPU.ActiveCfg = Debug|Any CPU
		{ED246E7F-0293-48BD-9BF7-65B82723031D}.Debug|Any CPU.Build.0 = Debug|Any CPU
		{ED246E7F-0293-48BD-9BF7-65B82723031D}.Release|Any CPU.ActiveCfg = Release|Any CPU
		{ED246E7F-0293-48BD-9BF7-65B82723031D}.Release|Any CPU.Build.0 = Release|Any CPU
		{449C771D-61F2-4786-BA22-D58AD9B498F3}.Debug|Any CPU.ActiveCfg = Debug|Any CPU
		{449C771D-61F2-4786-BA22-D58AD9B498F3}.Debug|Any CPU.Build.0 = Debug|Any CPU
		{449C771D-61F2-4786-BA22-D58AD9B498F3}.Release|Any CPU.ActiveCfg = Release|Any CPU
		{449C771D-61F2-4786-BA22-D58AD9B498F3}.Release|Any CPU.Build.0 = Release|Any CPU
		{E6FF12FC-1368-4B1F-9216-8D4339E8361F}.Debug|Any CPU.ActiveCfg = Debug|Any CPU
		{E6FF12FC-1368-4B1F-9216-8D4339E8361F}.Debug|Any CPU.Build.0 = Debug|Any CPU
		{E6FF12FC-1368-4B1F-9216-8D4339E8361F}.Release|Any CPU.ActiveCfg = Release|Any CPU
		{E6FF12FC-1368-4B1F-9216-8D4339E8361F}.Release|Any CPU.Build.0 = Release|Any CPU
		{E8BF43CE-5F91-45BD-87BD-06B581377DBF}.Debug|Any CPU.ActiveCfg = Debug|Any CPU
		{E8BF43CE-5F91-45BD-87BD-06B581377DBF}.Debug|Any CPU.Build.0 = Debug|Any CPU
		{E8BF43CE-5F91-45BD-87BD-06B581377DBF}.Release|Any CPU.ActiveCfg = Release|Any CPU
		{E8BF43CE-5F91-45BD-87BD-06B581377DBF}.Release|Any CPU.Build.0 = Release|Any CPU
		{B405A24E-F07F-4996-B890-2A5ACDBA161F}.Debug|Any CPU.ActiveCfg = Debug|Any CPU
		{B405A24E-F07F-4996-B890-2A5ACDBA161F}.Debug|Any CPU.Build.0 = Debug|Any CPU
		{B405A24E-F07F-4996-B890-2A5ACDBA161F}.Release|Any CPU.ActiveCfg = Release|Any CPU
		{B405A24E-F07F-4996-B890-2A5ACDBA161F}.Release|Any CPU.Build.0 = Release|Any CPU
		{52DDF4FE-FB2E-432B-8895-457110609A48}.Debug|Any CPU.ActiveCfg = Debug|Any CPU
		{52DDF4FE-FB2E-432B-8895-457110609A48}.Debug|Any CPU.Build.0 = Debug|Any CPU
		{52DDF4FE-FB2E-432B-8895-457110609A48}.Release|Any CPU.ActiveCfg = Release|Any CPU
		{52DDF4FE-FB2E-432B-8895-457110609A48}.Release|Any CPU.Build.0 = Release|Any CPU
		{CF6423F6-5960-40A5-AD2F-F37DE1CA4C93}.Debug|Any CPU.ActiveCfg = Debug|Any CPU
		{CF6423F6-5960-40A5-AD2F-F37DE1CA4C93}.Debug|Any CPU.Build.0 = Debug|Any CPU
		{CF6423F6-5960-40A5-AD2F-F37DE1CA4C93}.Release|Any CPU.ActiveCfg = Release|Any CPU
		{CF6423F6-5960-40A5-AD2F-F37DE1CA4C93}.Release|Any CPU.Build.0 = Release|Any CPU
		{9C8F9237-9554-4DE0-8A34-8BAB7D90EB2A}.Debug|Any CPU.ActiveCfg = Debug|Any CPU
		{9C8F9237-9554-4DE0-8A34-8BAB7D90EB2A}.Debug|Any CPU.Build.0 = Debug|Any CPU
		{9C8F9237-9554-4DE0-8A34-8BAB7D90EB2A}.Release|Any CPU.ActiveCfg = Release|Any CPU
		{9C8F9237-9554-4DE0-8A34-8BAB7D90EB2A}.Release|Any CPU.Build.0 = Release|Any CPU
		{0DBD8581-E7F4-4027-AE90-D2516FF708D9}.Debug|Any CPU.ActiveCfg = Debug|Any CPU
		{0DBD8581-E7F4-4027-AE90-D2516FF708D9}.Debug|Any CPU.Build.0 = Debug|Any CPU
		{0DBD8581-E7F4-4027-AE90-D2516FF708D9}.Release|Any CPU.ActiveCfg = Release|Any CPU
		{0DBD8581-E7F4-4027-AE90-D2516FF708D9}.Release|Any CPU.Build.0 = Release|Any CPU
		{9179F0BA-E810-4B4E-BAB7-6DE9D708CACB}.Debug|Any CPU.ActiveCfg = Debug|Any CPU
		{9179F0BA-E810-4B4E-BAB7-6DE9D708CACB}.Debug|Any CPU.Build.0 = Debug|Any CPU
		{9179F0BA-E810-4B4E-BAB7-6DE9D708CACB}.Release|Any CPU.ActiveCfg = Release|Any CPU
		{9179F0BA-E810-4B4E-BAB7-6DE9D708CACB}.Release|Any CPU.Build.0 = Release|Any CPU
		{730BF672-E907-47C6-BCF7-3F63FCE283C4}.Debug|Any CPU.ActiveCfg = Debug|Any CPU
		{730BF672-E907-47C6-BCF7-3F63FCE283C4}.Debug|Any CPU.Build.0 = Debug|Any CPU
		{730BF672-E907-47C6-BCF7-3F63FCE283C4}.Release|Any CPU.ActiveCfg = Release|Any CPU
		{730BF672-E907-47C6-BCF7-3F63FCE283C4}.Release|Any CPU.Build.0 = Release|Any CPU
		{3B8226AC-50DC-4CF9-816C-9DA786977CF9}.Debug|Any CPU.ActiveCfg = Debug|Any CPU
		{3B8226AC-50DC-4CF9-816C-9DA786977CF9}.Debug|Any CPU.Build.0 = Debug|Any CPU
		{3B8226AC-50DC-4CF9-816C-9DA786977CF9}.Release|Any CPU.ActiveCfg = Release|Any CPU
		{3B8226AC-50DC-4CF9-816C-9DA786977CF9}.Release|Any CPU.Build.0 = Release|Any CPU
		{B027EBF9-32E4-48AC-B61F-331719243AC3}.Debug|Any CPU.ActiveCfg = Debug|Any CPU
		{B027EBF9-32E4-48AC-B61F-331719243AC3}.Debug|Any CPU.Build.0 = Debug|Any CPU
		{B027EBF9-32E4-48AC-B61F-331719243AC3}.Release|Any CPU.ActiveCfg = Release|Any CPU
		{B027EBF9-32E4-48AC-B61F-331719243AC3}.Release|Any CPU.Build.0 = Release|Any CPU
		{3267CB94-5648-428E-92F7-5D6A4EE46418}.Debug|Any CPU.ActiveCfg = Debug|Any CPU
		{3267CB94-5648-428E-92F7-5D6A4EE46418}.Debug|Any CPU.Build.0 = Debug|Any CPU
		{3267CB94-5648-428E-92F7-5D6A4EE46418}.Release|Any CPU.ActiveCfg = Release|Any CPU
		{3267CB94-5648-428E-92F7-5D6A4EE46418}.Release|Any CPU.Build.0 = Release|Any CPU
		{3F88B9FF-0973-48F3-9730-201BA2851189}.Debug|Any CPU.ActiveCfg = Debug|Any CPU
		{3F88B9FF-0973-48F3-9730-201BA2851189}.Debug|Any CPU.Build.0 = Debug|Any CPU
		{3F88B9FF-0973-48F3-9730-201BA2851189}.Release|Any CPU.ActiveCfg = Release|Any CPU
		{3F88B9FF-0973-48F3-9730-201BA2851189}.Release|Any CPU.Build.0 = Release|Any CPU
		{A7CEF272-5CFF-4C8F-9900-E755CD328382}.Debug|Any CPU.ActiveCfg = Debug|Any CPU
		{A7CEF272-5CFF-4C8F-9900-E755CD328382}.Debug|Any CPU.Build.0 = Debug|Any CPU
		{A7CEF272-5CFF-4C8F-9900-E755CD328382}.Release|Any CPU.ActiveCfg = Release|Any CPU
		{A7CEF272-5CFF-4C8F-9900-E755CD328382}.Release|Any CPU.Build.0 = Release|Any CPU
		{43AF4726-F1AC-4BCC-9862-6669569E1426}.Debug|Any CPU.ActiveCfg = Debug|Any CPU
		{43AF4726-F1AC-4BCC-9862-6669569E1426}.Debug|Any CPU.Build.0 = Debug|Any CPU
		{43AF4726-F1AC-4BCC-9862-6669569E1426}.Release|Any CPU.ActiveCfg = Release|Any CPU
		{43AF4726-F1AC-4BCC-9862-6669569E1426}.Release|Any CPU.Build.0 = Release|Any CPU
		{3C3EE115-AE98-44BA-9E8A-DE3506DC4521}.Debug|Any CPU.ActiveCfg = Debug|Any CPU
		{3C3EE115-AE98-44BA-9E8A-DE3506DC4521}.Debug|Any CPU.Build.0 = Debug|Any CPU
		{3C3EE115-AE98-44BA-9E8A-DE3506DC4521}.Release|Any CPU.ActiveCfg = Release|Any CPU
		{3C3EE115-AE98-44BA-9E8A-DE3506DC4521}.Release|Any CPU.Build.0 = Release|Any CPU
		{4C5DAD35-B7F1-4A8B-9D42-D8A4A2A6B8E4}.Debug|Any CPU.ActiveCfg = Debug|Any CPU
		{4C5DAD35-B7F1-4A8B-9D42-D8A4A2A6B8E4}.Debug|Any CPU.Build.0 = Debug|Any CPU
		{4C5DAD35-B7F1-4A8B-9D42-D8A4A2A6B8E4}.Release|Any CPU.ActiveCfg = Release|Any CPU
		{4C5DAD35-B7F1-4A8B-9D42-D8A4A2A6B8E4}.Release|Any CPU.Build.0 = Release|Any CPU
		{BA8BE841-30E0-4979-A420-6FFD408FFE23}.Debug|Any CPU.ActiveCfg = Debug|Any CPU
		{BA8BE841-30E0-4979-A420-6FFD408FFE23}.Debug|Any CPU.Build.0 = Debug|Any CPU
		{BA8BE841-30E0-4979-A420-6FFD408FFE23}.Release|Any CPU.ActiveCfg = Release|Any CPU
		{BA8BE841-30E0-4979-A420-6FFD408FFE23}.Release|Any CPU.Build.0 = Release|Any CPU
		{03FA3B25-1AD4-4A18-807F-4C5E8FC5F964}.Debug|Any CPU.ActiveCfg = Debug|Any CPU
		{03FA3B25-1AD4-4A18-807F-4C5E8FC5F964}.Debug|Any CPU.Build.0 = Debug|Any CPU
		{03FA3B25-1AD4-4A18-807F-4C5E8FC5F964}.Release|Any CPU.ActiveCfg = Release|Any CPU
		{03FA3B25-1AD4-4A18-807F-4C5E8FC5F964}.Release|Any CPU.Build.0 = Release|Any CPU
		{6EC39B56-7904-46BB-B8A1-B4885CCE0333}.Debug|Any CPU.ActiveCfg = Debug|Any CPU
		{6EC39B56-7904-46BB-B8A1-B4885CCE0333}.Debug|Any CPU.Build.0 = Debug|Any CPU
		{6EC39B56-7904-46BB-B8A1-B4885CCE0333}.Release|Any CPU.ActiveCfg = Release|Any CPU
		{6EC39B56-7904-46BB-B8A1-B4885CCE0333}.Release|Any CPU.Build.0 = Release|Any CPU
		{873FD14C-F8E7-4F21-9AA1-211DD20745D7}.Debug|Any CPU.ActiveCfg = Debug|Any CPU
		{873FD14C-F8E7-4F21-9AA1-211DD20745D7}.Debug|Any CPU.Build.0 = Debug|Any CPU
		{873FD14C-F8E7-4F21-9AA1-211DD20745D7}.Release|Any CPU.ActiveCfg = Release|Any CPU
		{873FD14C-F8E7-4F21-9AA1-211DD20745D7}.Release|Any CPU.Build.0 = Release|Any CPU
	EndGlobalSection
	GlobalSection(SolutionProperties) = preSolution
		HideSolutionNode = FALSE
	EndGlobalSection
	GlobalSection(NestedProjects) = preSolution
		{CE10119A-7AF9-4176-A2BE-A0233965C33B} = {81332CDD-E42B-4BEA-BBC1-764B2CE30019}
		{ED246E7F-0293-48BD-9BF7-65B82723031D} = {81332CDD-E42B-4BEA-BBC1-764B2CE30019}
		{449C771D-61F2-4786-BA22-D58AD9B498F3} = {81332CDD-E42B-4BEA-BBC1-764B2CE30019}
		{E6FF12FC-1368-4B1F-9216-8D4339E8361F} = {282C011A-CDB0-4408-A2DC-40FDBB1B5FA0}
		{E8BF43CE-5F91-45BD-87BD-06B581377DBF} = {282C011A-CDB0-4408-A2DC-40FDBB1B5FA0}
		{B405A24E-F07F-4996-B890-2A5ACDBA161F} = {282C011A-CDB0-4408-A2DC-40FDBB1B5FA0}
		{52DDF4FE-FB2E-432B-8895-457110609A48} = {38015488-8C14-427B-8E8C-EC38401841AC}
		{CF6423F6-5960-40A5-AD2F-F37DE1CA4C93} = {38015488-8C14-427B-8E8C-EC38401841AC}
		{9C8F9237-9554-4DE0-8A34-8BAB7D90EB2A} = {38015488-8C14-427B-8E8C-EC38401841AC}
		{0DBD8581-E7F4-4027-AE90-D2516FF708D9} = {45487026-5355-43BB-883F-B75CA87406DD}
		{9179F0BA-E810-4B4E-BAB7-6DE9D708CACB} = {45487026-5355-43BB-883F-B75CA87406DD}
		{730BF672-E907-47C6-BCF7-3F63FCE283C4} = {45487026-5355-43BB-883F-B75CA87406DD}
		{3B8226AC-50DC-4CF9-816C-9DA786977CF9} = {D6137619-C764-46E6-9206-AA1BFC7B518A}
		{B027EBF9-32E4-48AC-B61F-331719243AC3} = {D6137619-C764-46E6-9206-AA1BFC7B518A}
		{3267CB94-5648-428E-92F7-5D6A4EE46418} = {D6137619-C764-46E6-9206-AA1BFC7B518A}
		{3F88B9FF-0973-48F3-9730-201BA2851189} = {843EB372-1982-4936-B711-B134C5E683F8}
		{A7CEF272-5CFF-4C8F-9900-E755CD328382} = {843EB372-1982-4936-B711-B134C5E683F8}
		{43AF4726-F1AC-4BCC-9862-6669569E1426} = {843EB372-1982-4936-B711-B134C5E683F8}
		{3C3EE115-AE98-44BA-9E8A-DE3506DC4521} = {B13894A4-EA9B-4FE2-94F6-983B0FAA6D96}
		{4C5DAD35-B7F1-4A8B-9D42-D8A4A2A6B8E4} = {B13894A4-EA9B-4FE2-94F6-983B0FAA6D96}
		{BA8BE841-30E0-4979-A420-6FFD408FFE23} = {B13894A4-EA9B-4FE2-94F6-983B0FAA6D96}
		{03FA3B25-1AD4-4A18-807F-4C5E8FC5F964} = {8561E89B-98C3-47FF-95A6-361DD0BA82CB}
		{6EC39B56-7904-46BB-B8A1-B4885CCE0333} = {8561E89B-98C3-47FF-95A6-361DD0BA82CB}
		{873FD14C-F8E7-4F21-9AA1-211DD20745D7} = {8561E89B-98C3-47FF-95A6-361DD0BA82CB}
	EndGlobalSection
	GlobalSection(ExtensibilityGlobals) = postSolution
		SolutionGuid = {3C8FAAEC-8EC4-45CF-BBF6-F3EA477AAE98}
	EndGlobalSection
EndGlobal
