
Microsoft Visual Studio Solution File, Format Version 12.00
# Visual Studio Version 16
VisualStudioVersion = 16.0.33927.289
MinimumVisualStudioVersion = 10.0.40219.1
Project("{2150E333-8FDC-42A3-9474-1A3956D46DE8}") = "Task0", "Task0", "{81332CDD-E42B-4BEA-BBC1-764B2CE30019}"
EndProject
Project("{FAE04EC0-301F-11D3-BF4B-00C04F79EFBC}") = "Tyuiu.KupriyanovEA.Sprint6.Task0.V5.Lib", "Tyuiu.KupriyanovEA.Sprint6.Task0.V5.Lib\Tyuiu.KupriyanovEA.Sprint6.Task0.V5.Lib.csproj", "{CE10119A-7AF9-4176-A2BE-A0233965C33B}"
EndProject
Project("{FAE04EC0-301F-11D3-BF4B-00C04F79EFBC}") = "Tyuiu.KupriyanovEA.Sprint6.Task0.V5.Test", "Tyuiu.KupriyanovEA.Sprint6.Task0.V5.Test\Tyuiu.KupriyanovEA.Sprint6.Task0.V5.Test.csproj", "{ED246E7F-0293-48BD-9BF7-65B82723031D}"
EndProject
Project("{FAE04EC0-301F-11D3-BF4B-00C04F79EFBC}") = "Tyuiu.KupriyanovEA.Sprint6.Task0.V5", "Tyuiu.KupriyanovEA.Sprint6.Task0.V5\Tyuiu.KupriyanovEA.Sprint6.Task0.V5.csproj", "{449C771D-61F2-4786-BA22-D58AD9B498F3}"
EndProject
Project("{2150E333-8FDC-42A3-9474-1A3956D46DE8}") = "Task1", "Task1", "{282C011A-CDB0-4408-A2DC-40FDBB1B5FA0}"
EndProject
Project("{FAE04EC0-301F-11D3-BF4B-00C04F79EFBC}") = "Tyuiu.KupriyanovEA.Sprint6.Task1.V23.Lib", "Tyuiu.KupriyanovEA.Sprint6.Task1.V23.Lib\Tyuiu.KupriyanovEA.Sprint6.Task1.V23.Lib.csproj", "{E6FF12FC-1368-4B1F-9216-8D4339E8361F}"
EndProject
Project("{FAE04EC0-301F-11D3-BF4B-00C04F79EFBC}") = "Tyuiu.KupriyanovEA.Sprint6.Task1.V23.Test", "Tyuiu.KupriyanovEA.Sprint6.Task1.V23.Test\Tyuiu.KupriyanovEA.Sprint6.Task1.V23.Test.csproj", "{E8BF43CE-5F91-45BD-87BD-06B581377DBF}"
EndProject
Project("{FAE04EC0-301F-11D3-BF4B-00C04F79EFBC}") = "Tyuiu.KupriyanovEA.Sprint6.Task1.V23", "Tyuiu.KupriyanovEA.Sprint6.Task1.V23\Tyuiu.KupriyanovEA.Sprint6.Task1.V23.csproj", "{B405A24E-F07F-4996-B890-2A5ACDBA161F}"
EndProject
Project("{2150E333-8FDC-42A3-9474-1A3956D46DE8}") = "Task2", "Task2", "{38015488-8C14-427B-8E8C-EC38401841AC}"
EndProject
Project("{FAE04EC0-301F-11D3-BF4B-00C04F79EFBC}") = "Tyuiu.KupriyanovEA.Sprint6.Task2.V12.Lib", "Tyuiu.KupriyanovEA.Sprint6.Task2.V12.Lib\Tyuiu.KupriyanovEA.Sprint6.Task2.V12.Lib.csproj", "{52DDF4FE-FB2E-432B-8895-457110609A48}"
EndProject
Project("{FAE04EC0-301F-11D3-BF4B-00C04F79EFBC}") = "Tyuiu.KupriyanovEA.Sprint6.Task2.V12.Test", "Tyuiu.KupriyanovEA.Sprint6.Task2.V12.Test\Tyuiu.KupriyanovEA.Sprint6.Task2.V12.Test.csproj", "{CF6423F6-5960-40A5-AD2F-F37DE1CA4C93}"
EndProject
Project("{FAE04EC0-301F-11D3-BF4B-00C04F79EFBC}") = "Tyuiu.KupriyanovEA.Sprint6.Task2.V12", "Tyuiu.KupriyanovEA.Sprint6.Task2.V12\Tyuiu.KupriyanovEA.Sprint6.Task2.V12.csproj", "{9C8F9237-9554-4DE0-8A34-8BAB7D90EB2A}"
EndProject
Global
	GlobalSection(SolutionConfigurationPlatforms) = preSolution
		Debug|Any CPU = Debug|Any CPU
		Release|Any CPU = Release|Any CPU
	EndGlobalSection
	GlobalSection(ProjectConfigurationPlatforms) = postSolution
		{CE10119A-7AF9-4176-A2BE-A0233965C33B}.Debug|Any CPU.ActiveCfg = Debug|Any CPU
		{CE10119A-7AF9-4176-A2BE-A0233965C33B}.Debug|Any CPU.Build.0 = Debug|Any CPU
		{CE10119A-7AF9-4176-A2BE-A0233965C33B}.Release|Any CPU.ActiveCfg = Release|Any CPU
		{CE10119A-7AF9-4176-A2BE-A0233965C33B}.Release|Any CPU.Build.0 = Release|Any CPU
		{ED246E7F-0293-48BD-9BF7-65B82723031D}.Debug|Any CPU.ActiveCfg = Debug|Any CPU
		{ED246E7F-0293-48BD-9BF7-65B82723031D}.Debug|Any CPU.Build.0 = Debug|Any CPU
		{ED246E7F-0293-48BD-9BF7-65B82723031D}.Release|Any CPU.ActiveCfg = Release|Any CPU
		{ED246E7F-0293-48BD-9BF7-65B82723031D}.Release|Any CPU.Build.0 = Release|Any CPU
		{449C771D-61F2-4786-BA22-D58AD9B498F3}.Debug|Any CPU.ActiveCfg = Debug|Any CPU
		{449C771D-61F2-4786-BA22-D58AD9B498F3}.Debug|Any CPU.Build.0 = Debug|Any CPU
		{449C771D-61F2-4786-BA22-D58AD9B498F3}.Release|Any CPU.ActiveCfg = Release|Any CPU
		{449C771D-61F2-4786-BA22-D58AD9B498F3}.Release|Any CPU.Build.0 = Release|Any CPU
		{E6FF12FC-1368-4B1F-9216-8D4339E8361F}.Debug|Any CPU.ActiveCfg = Debug|Any CPU
		{E6FF12FC-1368-4B1F-9216-8D4339E8361F}.Debug|Any CPU.Build.0 = Debug|Any CPU
		{E6FF12FC-1368-4B1F-9216-8D4339E8361F}.Release|Any CPU.ActiveCfg = Release|Any CPU
		{E6FF12FC-1368-4B1F-9216-8D4339E8361F}.Release|Any CPU.Build.0 = Release|Any CPU
		{E8BF43CE-5F91-45BD-87BD-06B581377DBF}.Debug|Any CPU.ActiveCfg = Debug|Any CPU
		{E8BF43CE-5F91-45BD-87BD-06B581377DBF}.Debug|Any CPU.Build.0 = Debug|Any CPU
		{E8BF43CE-5F91-45BD-87BD-06B581377DBF}.Release|Any CPU.ActiveCfg = Release|Any CPU
		{E8BF43CE-5F91-45BD-87BD-06B581377DBF}.Release|Any CPU.Build.0 = Release|Any CPU
		{B405A24E-F07F-4996-B890-2A5ACDBA161F}.Debug|Any CPU.ActiveCfg = Debug|Any CPU
		{B405A24E-F07F-4996-B890-2A5ACDBA161F}.Debug|Any CPU.Build.0 = Debug|Any CPU
		{B405A24E-F07F-4996-B890-2A5ACDBA161F}.Release|Any CPU.ActiveCfg = Release|Any CPU
		{B405A24E-F07F-4996-B890-2A5ACDBA161F}.Release|Any CPU.Build.0 = Release|Any CPU
		{52DDF4FE-FB2E-432B-8895-457110609A48}.Debug|Any CPU.ActiveCfg = Debug|Any CPU
		{52DDF4FE-FB2E-432B-8895-457110609A48}.Debug|Any CPU.Build.0 = Debug|Any CPU
		{52DDF4FE-FB2E-432B-8895-457110609A48}.Release|Any CPU.ActiveCfg = Release|Any CPU
		{52DDF4FE-FB2E-432B-8895-457110609A48}.Release|Any CPU.Build.0 = Release|Any CPU
		{CF6423F6-5960-40A5-AD2F-F37DE1CA4C93}.Debug|Any CPU.ActiveCfg = Debug|Any CPU
		{CF6423F6-5960-40A5-AD2F-F37DE1CA4C93}.Debug|Any CPU.Build.0 = Debug|Any CPU
		{CF6423F6-5960-40A5-AD2F-F37DE1CA4C93}.Release|Any CPU.ActiveCfg = Release|Any CPU
		{CF6423F6-5960-40A5-AD2F-F37DE1CA4C93}.Release|Any CPU.Build.0 = Release|Any CPU
		{9C8F9237-9554-4DE0-8A34-8BAB7D90EB2A}.Debug|Any CPU.ActiveCfg = Debug|Any CPU
		{9C8F9237-9554-4DE0-8A34-8BAB7D90EB2A}.Debug|Any CPU.Build.0 = Debug|Any CPU
		{9C8F9237-9554-4DE0-8A34-8BAB7D90EB2A}.Release|Any CPU.ActiveCfg = Release|Any CPU
		{9C8F9237-9554-4DE0-8A34-8BAB7D90EB2A}.Release|Any CPU.Build.0 = Release|Any CPU
	EndGlobalSection
	GlobalSection(SolutionProperties) = preSolution
		HideSolutionNode = FALSE
	EndGlobalSection
	GlobalSection(NestedProjects) = preSolution
		{CE10119A-7AF9-4176-A2BE-A0233965C33B} = {81332CDD-E42B-4BEA-BBC1-764B2CE30019}
		{ED246E7F-0293-48BD-9BF7-65B82723031D} = {81332CDD-E42B-4BEA-BBC1-764B2CE30019}
		{449C771D-61F2-4786-BA22-D58AD9B498F3} = {81332CDD-E42B-4BEA-BBC1-764B2CE30019}
		{E6FF12FC-1368-4B1F-9216-8D4339E8361F} = {282C011A-CDB0-4408-A2DC-40FDBB1B5FA0}
		{E8BF43CE-5F91-45BD-87BD-06B581377DBF} = {282C011A-CDB0-4408-A2DC-40FDBB1B5FA0}
		{B405A24E-F07F-4996-B890-2A5ACDBA161F} = {282C011A-CDB0-4408-A2DC-40FDBB1B5FA0}
		{52DDF4FE-FB2E-432B-8895-457110609A48} = {38015488-8C14-427B-8E8C-EC38401841AC}
		{CF6423F6-5960-40A5-AD2F-F37DE1CA4C93} = {38015488-8C14-427B-8E8C-EC38401841AC}
		{9C8F9237-9554-4DE0-8A34-8BAB7D90EB2A} = {38015488-8C14-427B-8E8C-EC38401841AC}
	EndGlobalSection
	GlobalSection(ExtensibilityGlobals) = postSolution
		SolutionGuid = {3C8FAAEC-8EC4-45CF-BBF6-F3EA477AAE98}
	EndGlobalSection
EndGlobal
